# THIS IS AN AUTOGENERATED FILE. DO NOT EDIT THIS FILE DIRECTLY.
# yarn lockfile v1


"@types/node@^16.x":
  version "16.18.126"
  resolved "https://registry.yarnpkg.com/@types/node/-/node-16.18.126.tgz#27875faa2926c0f475b39a8bb1e546c0176f8d4b"
  integrity sha512-OTcgaiwfGFBKacvfwuHzzn1KLxH/er8mluiy8/uM3sGXHaRe73RrSIj01jow9t4kJEW633Ov+cOexXeiApTyAw==

"@types/vscode@^1.60.0":
  version "1.106.1"
  resolved "https://registry.yarnpkg.com/@types/vscode/-/vscode-1.106.1.tgz#c8c9591b4b9debd8cf67b46d5e5ef54bdec9b805"
  integrity sha512-R/HV8u2h8CAddSbX8cjpdd7B8/GnE4UjgjpuGuHcbp1xV6yh4OeqU4L1pKjlwujCrSFS0MOpwJAIs/NexMB1fQ==

typescript@^4.9.0:
  version "4.9.5"
  resolved "https://registry.yarnpkg.com/typescript/-/typescript-4.9.5.tgz#095979f9bcc0d09da324d58d03ce8f8374cbe65a"
  integrity sha512-1FXk9E2Hm+QzZQ7z+McJiHL4NW1F2EzMu9Nq9i3zAaGqibafqYwCVU6WyWAuyQRRzOlxou8xZSyXLEN8oKj24g==
